
Microsoft Visual Studio Solution File, Format Version 12.00
# Visual Studio Version 16
VisualStudioVersion = 16.0.29306.81
MinimumVisualStudioVersion = 10.0.40219.1
Project("{FAE04EC0-301F-11D3-BF4B-00C04F79EFBC}") = "TheShop.App", "TheShop\TheShop.App.csproj", "{72C6A701-A607-4030-8A52-D004440C2AA1}"
EndProject
Project("{FAE04EC0-301F-11D3-BF4B-00C04F79EFBC}") = "TheShop.Service", "TheShop.Service\TheShop.Service.csproj", "{506CBF54-ACB2-490C-BA9A-55815F75BA85}"
EndProject
Project("{FAE04EC0-301F-11D3-BF4B-00C04F79EFBC}") = "TheShop.Repository", "TheShop.Repository\TheShop.Repository.csproj", "{D948F7B5-5CC2-4A0C-A3A5-5B5A19F56869}"
EndProject
Project("{FAE04EC0-301F-11D3-BF4B-00C04F79EFBC}") = "TheShop.Model", "TheShop.Model\TheShop.Model.csproj", "{1E866311-E274-461A-8689-282939B1499E}"
EndProject
Project("{FAE04EC0-301F-11D3-BF4B-00C04F79EFBC}") = "TheShop.Common", "TheShop.Common\TheShop.Common.csproj", "{ED5AC1DE-8432-4449-82BB-9FBB2460D5C5}"
EndProject
Global
	GlobalSection(SolutionConfigurationPlatforms) = preSolution
		Debug|Any CPU = Debug|Any CPU
		Release|Any CPU = Release|Any CPU
	EndGlobalSection
	GlobalSection(ProjectConfigurationPlatforms) = postSolution
		{72C6A701-A607-4030-8A52-D004440C2AA1}.Debug|Any CPU.ActiveCfg = Debug|Any CPU
		{72C6A701-A607-4030-8A52-D004440C2AA1}.Debug|Any CPU.Build.0 = Debug|Any CPU
		{72C6A701-A607-4030-8A52-D004440C2AA1}.Release|Any CPU.ActiveCfg = Release|Any CPU
		{72C6A701-A607-4030-8A52-D004440C2AA1}.Release|Any CPU.Build.0 = Release|Any CPU
		{506CBF54-ACB2-490C-BA9A-55815F75BA85}.Debug|Any CPU.ActiveCfg = Debug|Any CPU
		{506CBF54-ACB2-490C-BA9A-55815F75BA85}.Debug|Any CPU.Build.0 = Debug|Any CPU
		{506CBF54-ACB2-490C-BA9A-55815F75BA85}.Release|Any CPU.ActiveCfg = Release|Any CPU
		{506CBF54-ACB2-490C-BA9A-55815F75BA85}.Release|Any CPU.Build.0 = Release|Any CPU
		{D948F7B5-5CC2-4A0C-A3A5-5B5A19F56869}.Debug|Any CPU.ActiveCfg = Debug|Any CPU
		{D948F7B5-5CC2-4A0C-A3A5-5B5A19F56869}.Debug|Any CPU.Build.0 = Debug|Any CPU
		{D948F7B5-5CC2-4A0C-A3A5-5B5A19F56869}.Release|Any CPU.ActiveCfg = Release|Any CPU
		{D948F7B5-5CC2-4A0C-A3A5-5B5A19F56869}.Release|Any CPU.Build.0 = Release|Any CPU
		{1E866311-E274-461A-8689-282939B1499E}.Debug|Any CPU.ActiveCfg = Debug|Any CPU
		{1E866311-E274-461A-8689-282939B1499E}.Debug|Any CPU.Build.0 = Debug|Any CPU
		{1E866311-E274-461A-8689-282939B1499E}.Release|Any CPU.ActiveCfg = Release|Any CPU
		{1E866311-E274-461A-8689-282939B1499E}.Release|Any CPU.Build.0 = Release|Any CPU
		{ED5AC1DE-8432-4449-82BB-9FBB2460D5C5}.Debug|Any CPU.ActiveCfg = Debug|Any CPU
		{ED5AC1DE-8432-4449-82BB-9FBB2460D5C5}.Debug|Any CPU.Build.0 = Debug|Any CPU
		{ED5AC1DE-8432-4449-82BB-9FBB2460D5C5}.Release|Any CPU.ActiveCfg = Release|Any CPU
		{ED5AC1DE-8432-4449-82BB-9FBB2460D5C5}.Release|Any CPU.Build.0 = Release|Any CPU
	EndGlobalSection
	GlobalSection(SolutionProperties) = preSolution
		HideSolutionNode = FALSE
	EndGlobalSection
	GlobalSection(ExtensibilityGlobals) = postSolution
		SolutionGuid = {43E01FE0-5425-4244-B1E2-45B156DD7B7C}
	EndGlobalSection
EndGlobal
